
Microsoft Visual Studio Solution File, Format Version 12.00
# Visual Studio 15
VisualStudioVersion = 15.0.27130.2027
MinimumVisualStudioVersion = 10.0.40219.1
Project("{FAE04EC0-301F-11D3-BF4B-00C04F79EFBC}") = "AccountManagement", "AccountManagement\AccountManagement.csproj", "{43B4B47B-1A0E-44F6-9F32-5A0865DF579E}"
EndProject
Global
	GlobalSection(SolutionConfigurationPlatforms) = preSolution
		Debug|Any CPU = Debug|Any CPU
		Release|Any CPU = Release|Any CPU
	EndGlobalSection
	GlobalSection(ProjectConfigurationPlatforms) = postSolution
		{43B4B47B-1A0E-44F6-9F32-5A0865DF579E}.Debug|Any CPU.ActiveCfg = Debug|Any CPU
		{43B4B47B-1A0E-44F6-9F32-5A0865DF579E}.Debug|Any CPU.Build.0 = Debug|Any CPU
		{43B4B47B-1A0E-44F6-9F32-5A0865DF579E}.Release|Any CPU.ActiveCfg = Release|Any CPU
		{43B4B47B-1A0E-44F6-9F32-5A0865DF579E}.Release|Any CPU.Build.0 = Release|Any CPU
	EndGlobalSection
	GlobalSection(SolutionProperties) = preSolution
		HideSolutionNode = FALSE
	EndGlobalSection
	GlobalSection(ExtensibilityGlobals) = postSolution
		SolutionGuid = {4B99A3B1-C979-47B2-B57C-812C710D67DB}
	EndGlobalSection
EndGlobal
